
Microsoft Visual Studio Solution File, Format Version 12.00
# Visual Studio Version 17
VisualStudioVersion = 17.14.36518.9 d17.14
MinimumVisualStudioVersion = 10.0.40219.1
Project("{FAE04EC0-301F-11D3-BF4B-00C04F79EFBC}") = "inheritance.cs", "inheritance.cs\inheritance.cs.csproj", "{5542D9D4-23B8-4B5D-9568-C65B48FA314B}"
EndProject
Global
	GlobalSection(SolutionConfigurationPlatforms) = preSolution
		Debug|Any CPU = Debug|Any CPU
		Release|Any CPU = Release|Any CPU
	EndGlobalSection
	GlobalSection(ProjectConfigurationPlatforms) = postSolution
		{5542D9D4-23B8-4B5D-9568-C65B48FA314B}.Debug|Any CPU.ActiveCfg = Debug|Any CPU
		{5542D9D4-23B8-4B5D-9568-C65B48FA314B}.Debug|Any CPU.Build.0 = Debug|Any CPU
		{5542D9D4-23B8-4B5D-9568-C65B48FA314B}.Release|Any CPU.ActiveCfg = Release|Any CPU
		{5542D9D4-23B8-4B5D-9568-C65B48FA314B}.Release|Any CPU.Build.0 = Release|Any CPU
	EndGlobalSection
	GlobalSection(SolutionProperties) = preSolution
		HideSolutionNode = FALSE
	EndGlobalSection
	GlobalSection(ExtensibilityGlobals) = postSolution
		SolutionGuid = {552F260D-EB39-421A-B2EB-8209E4E35A78}
	EndGlobalSection
EndGlobal
